
Microsoft Visual Studio Solution File, Format Version 12.00
# Visual Studio Version 17
VisualStudioVersion = 17.6.33815.320
MinimumVisualStudioVersion = 10.0.40219.1
Project("{FAE04EC0-301F-11D3-BF4B-00C04F79EFBC}") = "exceptionhandling", "exceptionhandling\exceptionhandling.csproj", "{0EE3302A-DD1C-4400-A996-74FB9FB837D0}"
EndProject
Global
	GlobalSection(SolutionConfigurationPlatforms) = preSolution
		Debug|Any CPU = Debug|Any CPU
		Release|Any CPU = Release|Any CPU
	EndGlobalSection
	GlobalSection(ProjectConfigurationPlatforms) = postSolution
		{0EE3302A-DD1C-4400-A996-74FB9FB837D0}.Debug|Any CPU.ActiveCfg = Debug|Any CPU
		{0EE3302A-DD1C-4400-A996-74FB9FB837D0}.Debug|Any CPU.Build.0 = Debug|Any CPU
		{0EE3302A-DD1C-4400-A996-74FB9FB837D0}.Release|Any CPU.ActiveCfg = Release|Any CPU
		{0EE3302A-DD1C-4400-A996-74FB9FB837D0}.Release|Any CPU.Build.0 = Release|Any CPU
	EndGlobalSection
	GlobalSection(SolutionProperties) = preSolution
		HideSolutionNode = FALSE
	EndGlobalSection
	GlobalSection(ExtensibilityGlobals) = postSolution
		SolutionGuid = {DFEE851D-1316-4F41-801A-6F0AAE396115}
	EndGlobalSection
EndGlobal
