
Microsoft Visual Studio Solution File, Format Version 12.00
# Visual Studio Version 17
VisualStudioVersion = 17.6.33815.320
MinimumVisualStudioVersion = 10.0.40219.1
Project("{FAE04EC0-301F-11D3-BF4B-00C04F79EFBC}") = "Assignment - 9", "Assignment - 9\Assignment - 9.csproj", "{3BAB2CC4-789B-41E8-8FDF-58A514BF58E0}"
EndProject
Global
	GlobalSection(SolutionConfigurationPlatforms) = preSolution
		Debug|Any CPU = Debug|Any CPU
		Release|Any CPU = Release|Any CPU
	EndGlobalSection
	GlobalSection(ProjectConfigurationPlatforms) = postSolution
		{3BAB2CC4-789B-41E8-8FDF-58A514BF58E0}.Debug|Any CPU.ActiveCfg = Debug|Any CPU
		{3BAB2CC4-789B-41E8-8FDF-58A514BF58E0}.Debug|Any CPU.Build.0 = Debug|Any CPU
		{3BAB2CC4-789B-41E8-8FDF-58A514BF58E0}.Release|Any CPU.ActiveCfg = Release|Any CPU
		{3BAB2CC4-789B-41E8-8FDF-58A514BF58E0}.Release|Any CPU.Build.0 = Release|Any CPU
	EndGlobalSection
	GlobalSection(SolutionProperties) = preSolution
		HideSolutionNode = FALSE
	EndGlobalSection
	GlobalSection(ExtensibilityGlobals) = postSolution
		SolutionGuid = {80F9603B-E366-4C99-B150-BFF713AE69E7}
	EndGlobalSection
EndGlobal
